
Microsoft Visual Studio Solution File, Format Version 12.00
# Visual Studio 2010
Project("{E24C65DC-7377-472B-9ABA-BC803B73C61A}") = "RSVPSiteProduction", ".", "{D63A32EE-DCFC-42D3-ABEB-DCD4811474F3}"
	ProjectSection(WebsiteProperties) = preProject
		Frontpage = "false"
		TargetFrameworkMoniker = ".NETFramework,Version%3Dv4.0"
		ProjectReferences = "{829E66FD-01D2-4399-A09F-7C7FD9FE2AF6}|ConferenceLibrary.dll;"
		Debug.AspNetCompiler.VirtualPath = "/RSVPSite Production"
		Debug.AspNetCompiler.PhysicalPath = "..\RSVPSiteProduction\"
		Debug.AspNetCompiler.TargetPath = "PrecompiledWeb\RSVPSite Production\"
		Debug.AspNetCompiler.Updateable = "true"
		Debug.AspNetCompiler.ForceOverwrite = "true"
		Debug.AspNetCompiler.FixedNames = "false"
		Debug.AspNetCompiler.Debug = "True"
		Release.AspNetCompiler.VirtualPath = "/RSVPSite Production"
		Release.AspNetCompiler.PhysicalPath = "..\RSVPSiteProduction\"
		Release.AspNetCompiler.TargetPath = "PrecompiledWeb\RSVPSite Production\"
		Release.AspNetCompiler.Updateable = "true"
		Release.AspNetCompiler.ForceOverwrite = "true"
		Release.AspNetCompiler.FixedNames = "false"
		Release.AspNetCompiler.Debug = "False"
		VWDPort = "59364"
	EndProjectSection
EndProject
Project("{FAE04EC0-301F-11D3-BF4B-00C04F79EFBC}") = "ConferenceLibrary", "..\ConferenceLibrary\ConferenceLibrary\ConferenceLibrary.csproj", "{829E66FD-01D2-4399-A09F-7C7FD9FE2AF6}"
EndProject
Global
	GlobalSection(SolutionConfigurationPlatforms) = preSolution
		Debug|Any CPU = Debug|Any CPU
		Release|Any CPU = Release|Any CPU
	EndGlobalSection
	GlobalSection(ProjectConfigurationPlatforms) = postSolution
		{D63A32EE-DCFC-42D3-ABEB-DCD4811474F3}.Debug|Any CPU.ActiveCfg = Debug|Any CPU
		{D63A32EE-DCFC-42D3-ABEB-DCD4811474F3}.Debug|Any CPU.Build.0 = Debug|Any CPU
		{D63A32EE-DCFC-42D3-ABEB-DCD4811474F3}.Release|Any CPU.ActiveCfg = Debug|Any CPU
		{D63A32EE-DCFC-42D3-ABEB-DCD4811474F3}.Release|Any CPU.Build.0 = Debug|Any CPU
		{829E66FD-01D2-4399-A09F-7C7FD9FE2AF6}.Debug|Any CPU.ActiveCfg = Debug|Any CPU
		{829E66FD-01D2-4399-A09F-7C7FD9FE2AF6}.Debug|Any CPU.Build.0 = Debug|Any CPU
		{829E66FD-01D2-4399-A09F-7C7FD9FE2AF6}.Release|Any CPU.ActiveCfg = Release|Any CPU
		{829E66FD-01D2-4399-A09F-7C7FD9FE2AF6}.Release|Any CPU.Build.0 = Release|Any CPU
	EndGlobalSection
	GlobalSection(SolutionProperties) = preSolution
		HideSolutionNode = FALSE
	EndGlobalSection
EndGlobal
